<Solution>
  <Folder Name="/services/">
    <Project Path="services/auth-service/auth-service.csproj" />
    <Project Path="services/payment-service/payment-service.csproj" />
    <Project Path="services/provider-service/provider-service.csproj" />
    <Project Path="services/schedule-service/schedule-service.csproj" />
    <Project Path="services/appointment-service/appointment-service.csproj" />
    <Project Path="services/review-service/review-service.csproj" />
    <Project Path="services/notification-service/notification-service.csproj" />
    <Project Path="services/medical-record-service/medical-record-service.csproj" />
  </Folder>
</Solution>
